
Microsoft Visual Studio Solution File, Format Version 12.00
# Visual Studio 15
VisualStudioVersion = 15.0.28307.572
MinimumVisualStudioVersion = 10.0.40219.1
Project("{FAE04EC0-301F-11D3-BF4B-00C04F79EFBC}") = "app", "app\app.csproj", "{17C9D3B6-4A8B-49D7-9424-67AF85E4D6AD}"
EndProject
Global
	GlobalSection(SolutionConfigurationPlatforms) = preSolution
		Debug|Any CPU = Debug|Any CPU
		Release|Any CPU = Release|Any CPU
	EndGlobalSection
	GlobalSection(ProjectConfigurationPlatforms) = postSolution
		{17C9D3B6-4A8B-49D7-9424-67AF85E4D6AD}.Debug|Any CPU.ActiveCfg = Debug|Any CPU
		{17C9D3B6-4A8B-49D7-9424-67AF85E4D6AD}.Debug|Any CPU.Build.0 = Debug|Any CPU
		{17C9D3B6-4A8B-49D7-9424-67AF85E4D6AD}.Debug|Any CPU.Deploy.0 = Debug|Any CPU
		{17C9D3B6-4A8B-49D7-9424-67AF85E4D6AD}.Release|Any CPU.ActiveCfg = Release|Any CPU
		{17C9D3B6-4A8B-49D7-9424-67AF85E4D6AD}.Release|Any CPU.Build.0 = Release|Any CPU
		{17C9D3B6-4A8B-49D7-9424-67AF85E4D6AD}.Release|Any CPU.Deploy.0 = Release|Any CPU
	EndGlobalSection
	GlobalSection(SolutionProperties) = preSolution
		HideSolutionNode = FALSE
	EndGlobalSection
	GlobalSection(ExtensibilityGlobals) = postSolution
		SolutionGuid = {FD513FBA-52BF-4917-9CF6-E68C5C867C74}
	EndGlobalSection
EndGlobal
