
Microsoft Visual Studio Solution File, Format Version 12.00
# Visual Studio 15
VisualStudioVersion = 15.0.28307.572
MinimumVisualStudioVersion = 10.0.40219.1
Project("{FAE04EC0-301F-11D3-BF4B-00C04F79EFBC}") = "Calculadora Financiera", "Calculadora Financiera\Calculadora Financiera.csproj", "{872B6060-C9B0-4CBC-8067-00D86D72636C}"
EndProject
Global
	GlobalSection(SolutionConfigurationPlatforms) = preSolution
		Debug|Any CPU = Debug|Any CPU
		Release|Any CPU = Release|Any CPU
	EndGlobalSection
	GlobalSection(ProjectConfigurationPlatforms) = postSolution
		{872B6060-C9B0-4CBC-8067-00D86D72636C}.Debug|Any CPU.ActiveCfg = Debug|Any CPU
		{872B6060-C9B0-4CBC-8067-00D86D72636C}.Debug|Any CPU.Build.0 = Debug|Any CPU
		{872B6060-C9B0-4CBC-8067-00D86D72636C}.Release|Any CPU.ActiveCfg = Release|Any CPU
		{872B6060-C9B0-4CBC-8067-00D86D72636C}.Release|Any CPU.Build.0 = Release|Any CPU
	EndGlobalSection
	GlobalSection(SolutionProperties) = preSolution
		HideSolutionNode = FALSE
	EndGlobalSection
	GlobalSection(ExtensibilityGlobals) = postSolution
		SolutionGuid = {44741479-EBDB-496C-BD8A-4E181DFD2C54}
	EndGlobalSection
EndGlobal
