
Microsoft Visual Studio Solution File, Format Version 12.00
# Visual Studio 15
VisualStudioVersion = 15.0.28307.329
MinimumVisualStudioVersion = 10.0.40219.1
Project("{FAE04EC0-301F-11D3-BF4B-00C04F79EFBC}") = "busqueda", "busqueda\busqueda.csproj", "{E410BB62-D36E-42BB-B0D8-67A52A833085}"
EndProject
Global
	GlobalSection(SolutionConfigurationPlatforms) = preSolution
		Debug|Any CPU = Debug|Any CPU
		Release|Any CPU = Release|Any CPU
	EndGlobalSection
	GlobalSection(ProjectConfigurationPlatforms) = postSolution
		{E410BB62-D36E-42BB-B0D8-67A52A833085}.Debug|Any CPU.ActiveCfg = Debug|Any CPU
		{E410BB62-D36E-42BB-B0D8-67A52A833085}.Debug|Any CPU.Build.0 = Debug|Any CPU
		{E410BB62-D36E-42BB-B0D8-67A52A833085}.Release|Any CPU.ActiveCfg = Release|Any CPU
		{E410BB62-D36E-42BB-B0D8-67A52A833085}.Release|Any CPU.Build.0 = Release|Any CPU
	EndGlobalSection
	GlobalSection(SolutionProperties) = preSolution
		HideSolutionNode = FALSE
	EndGlobalSection
	GlobalSection(ExtensibilityGlobals) = postSolution
		SolutionGuid = {2817B944-CFA1-4B59-932C-648C39F4001E}
	EndGlobalSection
EndGlobal
